<?xml version="1.0" encoding="utf-8"?>
<Project ToolsVersion="4.0" xmlns="http://schemas.microsoft.com/developer/msbuild/2003">
  <ItemGroup>
    <Filter Include="Source Files">
      <UniqueIdentifier>{4FC737F1-C7A5-4376-A066-2A32D752A2FF}</UniqueIdentifier>
      <Extensions>cpp;c;cc;cxx;c++;cppm;ixx;def;odl;idl;hpj;bat;asm;asmx</Extensions>
    </Filter>
    <Filter Include="Header Files">
      <UniqueIdentifier>{93995380-89BD-4b04-88EB-625FBE52EBFB}</UniqueIdentifier>
      <Extensions>h;hh;hpp;hxx;h++;hm;inl;inc;ipp;xsd</Extensions>
    </Filter>
    <Filter Include="Resource Files">
      <UniqueIdentifier>{67DA6AB6-F800-4c08-8B7A-83BB121AAD01}</UniqueIdentifier>
      <Extensions>rc;ico;cur;bmp;dlg;rc2;rct;bin;rgs;gif;jpg;jpeg;jpe;resx;tiff;tif;png;wav;mfcribbon-ms</Extensions>
    </Filter>
    <Filter Include="Header Files\Engine">
      <UniqueIdentifier>{a867fb94-59c0-48a4-9ff1-cc67ec26ff0f}</UniqueIdentifier>
    </Filter>
    <Filter Include="Header Files\Utilities">
      <UniqueIdentifier>{6cf3fc74-dcd8-4c1e-a00c-f2c6d361ec12}</UniqueIdentifier>
    </Filter>
    <Filter Include="Header Files\Engine\Classes">
      <UniqueIdentifier>{7eb012c6-8fd9-461c-99c8-759da6ae2bba}</UniqueIdentifier>
    </Filter>
    <Filter Include="Header Files\Engine\Enums">
      <UniqueIdentifier>{66288e1b-3f96-491e-bc4e-4910a4846317}</UniqueIdentifier>
    </Filter>
    <Filter Include="Header Files\Core">
      <UniqueIdentifier>{8cbf5ba5-ce37-484b-86a1-3d5df160330f}</UniqueIdentifier>
    </Filter>
    <Filter Include="Header Files\Core\Hooks">
      <UniqueIdentifier>{7ef7a354-f887-499a-8cf7-aa28cc87cbf9}</UniqueIdentifier>
    </Filter>
    <Filter Include="Header Files\Engine\Classes\Hades">
      <UniqueIdentifier>{c7208259-b490-495f-9c6b-6d76ce9c2bff}</UniqueIdentifier>
    </Filter>
    <Filter Include="Header Files\Engine\Classes\Hades\Unit">
      <UniqueIdentifier>{756acefc-abc7-45cd-9c5e-239e11ae1cd5}</UniqueIdentifier>
    </Filter>
    <Filter Include="Header Files\Engine\Classes\Misc">
      <UniqueIdentifier>{b4a9793b-2f4a-4c11-abf1-d0b053c72174}</UniqueIdentifier>
    </Filter>
  </ItemGroup>
  <ItemGroup>
    <ClCompile Include="main.cpp">
      <Filter>Source Files</Filter>
    </ClCompile>
  </ItemGroup>
  <ItemGroup>
    <ClInclude Include="Engine\addresses.h">
      <Filter>Header Files\Engine</Filter>
    </ClInclude>
    <ClInclude Include="Engine\engine.h">
      <Filter>Header Files\Engine</Filter>
    </ClInclude>
    <ClInclude Include="Utilities\memory.h">
      <Filter>Header Files\Utilities</Filter>
    </ClInclude>
    <ClInclude Include="Engine\Classes\scriptmanager.h">
      <Filter>Header Files\Engine\Classes</Filter>
    </ClInclude>
    <ClInclude Include="Engine\Classes\platformfile.h">
      <Filter>Header Files\Engine\Classes</Filter>
    </ClInclude>
    <ClInclude Include="Engine\Enums\filesystem.h">
      <Filter>Header Files\Engine\Enums</Filter>
    </ClInclude>
    <ClInclude Include="Engine\Classes\filestream.h">
      <Filter>Header Files\Engine\Classes</Filter>
    </ClInclude>
    <ClInclude Include="Utilities\proxy.h">
      <Filter>Header Files\Utilities</Filter>
    </ClInclude>
    <ClInclude Include="Core\Hooks\directx.h">
      <Filter>Header Files\Core\Hooks</Filter>
    </ClInclude>
    <ClInclude Include="Engine\Classes\renderer.h">
      <Filter>Header Files\Engine\Classes</Filter>
    </ClInclude>
    <ClInclude Include="Core\Hooks\hooks.h">
      <Filter>Header Files\Core\Hooks</Filter>
    </ClInclude>
    <ClInclude Include="Engine\Classes\Hades\camera.h">
      <Filter>Header Files\Engine\Classes\Hades</Filter>
    </ClInclude>
    <ClInclude Include="Engine\Classes\Hades\playermanager.h">
      <Filter>Header Files\Engine\Classes\Hades</Filter>
    </ClInclude>
    <ClInclude Include="Engine\Classes\Hades\player.h">
      <Filter>Header Files\Engine\Classes\Hades</Filter>
    </ClInclude>
    <ClInclude Include="Engine\Enums\rtti.h">
      <Filter>Header Files\Engine\Enums</Filter>
    </ClInclude>
    <ClInclude Include="Engine\Classes\rtti.h">
      <Filter>Header Files\Engine\Classes</Filter>
    </ClInclude>
    <ClInclude Include="Engine\Classes\Misc\rectangle.h">
      <Filter>Header Files\Engine\Classes\Misc</Filter>
    </ClInclude>
    <ClInclude Include="Engine\Classes\Misc\hash.h">
      <Filter>Header Files\Engine\Classes\Misc</Filter>
    </ClInclude>
    <ClInclude Include="Engine\Classes\Misc\soundcue.h">
      <Filter>Header Files\Engine\Classes\Misc</Filter>
    </ClInclude>
    <ClInclude Include="Engine\Classes\Misc\color.h">
      <Filter>Header Files\Engine\Classes\Misc</Filter>
    </ClInclude>
    <ClInclude Include="Engine\Classes\Hades\Unit\components.h">
      <Filter>Header Files\Engine\Classes\Hades\Unit</Filter>
    </ClInclude>
    <ClInclude Include="Engine\Classes\Misc\bounds.h">
      <Filter>Header Files\Engine\Classes\Misc</Filter>
    </ClInclude>
    <ClInclude Include="Engine\Classes\Hades\Unit\rendercomponent.h">
      <Filter>Header Files\Engine\Classes\Hades\Unit</Filter>
    </ClInclude>
    <ClInclude Include="Engine\Classes\Hades\Unit\thing.h">
      <Filter>Header Files\Engine\Classes\Hades\Unit</Filter>
    </ClInclude>
  </ItemGroup>
</Project>